
Microsoft Visual Studio Solution File, Format Version 12.00
# Visual Studio Version 18
VisualStudioVersion = 18.2.11430.68 d18.0
MinimumVisualStudioVersion = 10.0.40219.1
Project("{FAE04EC0-301F-11D3-BF4B-00C04F79EFBC}") = "ScriptEditor", "ScriptEditor.csproj", "{3C6E6E83-396E-1F51-F79E-DC5B3939C2B4}"
EndProject
Global
	GlobalSection(SolutionConfigurationPlatforms) = preSolution
		Debug|Any CPU = Debug|Any CPU
		Release|Any CPU = Release|Any CPU
	EndGlobalSection
	GlobalSection(ProjectConfigurationPlatforms) = postSolution
		{3C6E6E83-396E-1F51-F79E-DC5B3939C2B4}.Debug|Any CPU.ActiveCfg = Debug|Any CPU
		{3C6E6E83-396E-1F51-F79E-DC5B3939C2B4}.Debug|Any CPU.Build.0 = Debug|Any CPU
		{3C6E6E83-396E-1F51-F79E-DC5B3939C2B4}.Release|Any CPU.ActiveCfg = Release|Any CPU
		{3C6E6E83-396E-1F51-F79E-DC5B3939C2B4}.Release|Any CPU.Build.0 = Release|Any CPU
	EndGlobalSection
	GlobalSection(SolutionProperties) = preSolution
		HideSolutionNode = FALSE
	EndGlobalSection
	GlobalSection(ExtensibilityGlobals) = postSolution
		SolutionGuid = {CAFC9FE3-CC22-4BE3-A715-8A496BCB88BE}
	EndGlobalSection
EndGlobal
